{
  "name": "test-npm-umbe-feature-b",
  "version": "1.0.0",
  "lockfileVersion": 2,
  "requires": true,
  "packages": {
    "": {
      "name": "test-npm-umbe-feature-b",
      "version": "1.0.0",
      "license": "ISC",
      "dependencies": {
        "test-npm-umbe-feature-a": "^1.0.0"
      }
    },
    "node_modules/test-npm-umbe-feature-a": {
      "version": "1.0.0",
      "resolved": "https://registry.npmjs.org/test-npm-umbe-feature-a/-/test-npm-umbe-feature-a-1.0.0.tgz",
      "integrity": "sha512-MTQmM3BYzW2AjlTOBWRCT20acMJ4FbwVLWI76p0BOcPDYsy3qIszbWz+miVk8aYAvGh+kII02OS88vwd2nlx8A=="
    }
  },
  "dependencies": {
    "test-npm-umbe-feature-a": {
      "version": "1.0.0",
      "resolved": "https://registry.npmjs.org/test-npm-umbe-feature-a/-/test-npm-umbe-feature-a-1.0.0.tgz",
      "integrity": "sha512-MTQmM3BYzW2AjlTOBWRCT20acMJ4FbwVLWI76p0BOcPDYsy3qIszbWz+miVk8aYAvGh+kII02OS88vwd2nlx8A=="
    }
  }
}
