{
  "name": "@umbeb/test-npm-umbe-feature-b",
  "version": "1.0.0",
  "lockfileVersion": 2,
  "requires": true,
  "packages": {
    "": {
      "name": "@umbeb/test-npm-umbe-feature-b",
      "version": "1.0.0",
      "license": "ISC",
      "dependencies": {
        "@umbeb/test-npm-umbe-feature-a": "^1.0.0"
      }
    },
    "node_modules/@umbeb/test-npm-umbe-feature-a": {
      "version": "1.0.0",
      "resolved": "https://npm.pkg.github.com/download/@umbeb/test-npm-umbe-feature-a/1.0.0/a743de7dab0e5e62cf6d228657a8388adaa590e614f3b00e970731355a843671",
      "integrity": "sha512-kJKCjyAmz4qcjEePddAaytOZWIMOsk5IKnwh7T6pT8u8ssQgFEeqSr9LHK5hXw6/2Wokh7FpXRTg9Y+REWH/ew==",
      "license": "ISC"
    }
  },
  "dependencies": {
    "@umbeb/test-npm-umbe-feature-a": {
      "version": "1.0.0",
      "resolved": "https://npm.pkg.github.com/download/@umbeb/test-npm-umbe-feature-a/1.0.0/a743de7dab0e5e62cf6d228657a8388adaa590e614f3b00e970731355a843671",
      "integrity": "sha512-kJKCjyAmz4qcjEePddAaytOZWIMOsk5IKnwh7T6pT8u8ssQgFEeqSr9LHK5hXw6/2Wokh7FpXRTg9Y+REWH/ew=="
    }
  }
}
